github.com/eliben/gosax v0.0.0-20190716122207-dd9455804591 h1:2u20xnlZiMTg0pO9z0Fh9wWMdIkRfVU1ma+pKZOFqLQ=
github.com/eliben/gosax v0.0.0-20190716122207-dd9455804591/go.mod h1:iPWVK8Lib0moJouNU/XW5qwKVfBABjm/i66XDZ+Mq0c=
github.com/eliben/gosax v0.0.0-20190718132438-eb4c7e7172b6 h1:igbwG5ORwwimTwMXoL0e65TpOcSSWepPf957uOVc44o=
github.com/eliben/gosax v0.0.0-20190718132438-eb4c7e7172b6/go.mod h1:iPWVK8Lib0moJouNU/XW5qwKVfBABjm/i66XDZ+Mq0c=
